
Microsoft Visual Studio Solution File, Format Version 12.00
# Visual Studio Version 17
VisualStudioVersion = 17.8.34330.188
MinimumVisualStudioVersion = 10.0.40219.1
Project("{9A19103F-16F7-4668-BE54-9A1E7A4F7556}") = "Ecommerce", "Ecommerce\Ecommerce.csproj", "{86C6E76A-20D4-4860-853A-82DB8BA2C0CA}"
EndProject
Project("{9A19103F-16F7-4668-BE54-9A1E7A4F7556}") = "UserServiceAPI", "UserServiceAPI\UserServiceAPI.csproj", "{67A0AE26-6C32-4396-B6B7-0540B57D26D9}"
EndProject
Project("{9A19103F-16F7-4668-BE54-9A1E7A4F7556}") = "ProductServiceAPI", "ProductServiceAPI\ProductServiceAPI.csproj", "{0DF18B33-2891-4191-A648-CABFB6A05F5F}"
EndProject
Project("{9A19103F-16F7-4668-BE54-9A1E7A4F7556}") = "OrderServiceAPI", "OderServiceAPI\OrderServiceAPI.csproj", "{D3982446-8ACA-4FF5-B7B5-6BB041FAC76C}"
EndProject
Project("{FAE04EC0-301F-11D3-BF4B-00C04F79EFBC}") = "APIGateway", "APIGateway\APIGateway.csproj", "{D446DD8F-0CC9-4206-9276-141BB4623BB7}"
EndProject
Global
	GlobalSection(SolutionConfigurationPlatforms) = preSolution
		Debug|Any CPU = Debug|Any CPU
		Release|Any CPU = Release|Any CPU
	EndGlobalSection
	GlobalSection(ProjectConfigurationPlatforms) = postSolution
		{86C6E76A-20D4-4860-853A-82DB8BA2C0CA}.Debug|Any CPU.ActiveCfg = Debug|Any CPU
		{86C6E76A-20D4-4860-853A-82DB8BA2C0CA}.Debug|Any CPU.Build.0 = Debug|Any CPU
		{86C6E76A-20D4-4860-853A-82DB8BA2C0CA}.Release|Any CPU.ActiveCfg = Release|Any CPU
		{86C6E76A-20D4-4860-853A-82DB8BA2C0CA}.Release|Any CPU.Build.0 = Release|Any CPU
		{67A0AE26-6C32-4396-B6B7-0540B57D26D9}.Debug|Any CPU.ActiveCfg = Debug|Any CPU
		{67A0AE26-6C32-4396-B6B7-0540B57D26D9}.Debug|Any CPU.Build.0 = Debug|Any CPU
		{67A0AE26-6C32-4396-B6B7-0540B57D26D9}.Release|Any CPU.ActiveCfg = Release|Any CPU
		{67A0AE26-6C32-4396-B6B7-0540B57D26D9}.Release|Any CPU.Build.0 = Release|Any CPU
		{0DF18B33-2891-4191-A648-CABFB6A05F5F}.Debug|Any CPU.ActiveCfg = Debug|Any CPU
		{0DF18B33-2891-4191-A648-CABFB6A05F5F}.Debug|Any CPU.Build.0 = Debug|Any CPU
		{0DF18B33-2891-4191-A648-CABFB6A05F5F}.Release|Any CPU.ActiveCfg = Release|Any CPU
		{0DF18B33-2891-4191-A648-CABFB6A05F5F}.Release|Any CPU.Build.0 = Release|Any CPU
		{D3982446-8ACA-4FF5-B7B5-6BB041FAC76C}.Debug|Any CPU.ActiveCfg = Debug|Any CPU
		{D3982446-8ACA-4FF5-B7B5-6BB041FAC76C}.Debug|Any CPU.Build.0 = Debug|Any CPU
		{D3982446-8ACA-4FF5-B7B5-6BB041FAC76C}.Release|Any CPU.ActiveCfg = Release|Any CPU
		{D3982446-8ACA-4FF5-B7B5-6BB041FAC76C}.Release|Any CPU.Build.0 = Release|Any CPU
		{D446DD8F-0CC9-4206-9276-141BB4623BB7}.Debug|Any CPU.ActiveCfg = Debug|Any CPU
		{D446DD8F-0CC9-4206-9276-141BB4623BB7}.Debug|Any CPU.Build.0 = Debug|Any CPU
		{D446DD8F-0CC9-4206-9276-141BB4623BB7}.Release|Any CPU.ActiveCfg = Release|Any CPU
		{D446DD8F-0CC9-4206-9276-141BB4623BB7}.Release|Any CPU.Build.0 = Release|Any CPU
	EndGlobalSection
	GlobalSection(SolutionProperties) = preSolution
		HideSolutionNode = FALSE
	EndGlobalSection
	GlobalSection(ExtensibilityGlobals) = postSolution
		SolutionGuid = {DACA9E2C-6B97-4DEE-AC72-2AD0E4F0C025}
	EndGlobalSection
EndGlobal
